
Microsoft Visual Studio Solution File, Format Version 12.00
# Visual Studio Version 17
VisualStudioVersion = 17.4.33103.184
MinimumVisualStudioVersion = 10.0.40219.1
Project("{FAE04EC0-301F-11D3-BF4B-00C04F79EFBC}") = "Drones_WebAPI", "Drones_WebAPI\Drones_WebAPI.csproj", "{CE4F39B8-21E1-4E6D-81D2-A8728B616C15}"
EndProject
Global
	GlobalSection(SolutionConfigurationPlatforms) = preSolution
		Debug|Any CPU = Debug|Any CPU
		Release|Any CPU = Release|Any CPU
	EndGlobalSection
	GlobalSection(ProjectConfigurationPlatforms) = postSolution
		{CE4F39B8-21E1-4E6D-81D2-A8728B616C15}.Debug|Any CPU.ActiveCfg = Debug|Any CPU
		{CE4F39B8-21E1-4E6D-81D2-A8728B616C15}.Debug|Any CPU.Build.0 = Debug|Any CPU
		{CE4F39B8-21E1-4E6D-81D2-A8728B616C15}.Release|Any CPU.ActiveCfg = Release|Any CPU
		{CE4F39B8-21E1-4E6D-81D2-A8728B616C15}.Release|Any CPU.Build.0 = Release|Any CPU
	EndGlobalSection
	GlobalSection(SolutionProperties) = preSolution
		HideSolutionNode = FALSE
	EndGlobalSection
	GlobalSection(ExtensibilityGlobals) = postSolution
		SolutionGuid = {41B83CEB-12D5-4CEB-9399-B181E69B6572}
	EndGlobalSection
EndGlobal
